
Microsoft Visual Studio Solution File, Format Version 12.00
# Visual Studio Version 16
VisualStudioVersion = 16.0.30717.126
MinimumVisualStudioVersion = 10.0.40219.1
Project("{8BC9CEB8-8B4A-11D0-8D11-00A0C91BC942}") = "CPP", "CPP\CPP.vcxproj", "{01B2998D-BD02-4329-AAAE-150D708E7BD5}"
EndProject
Project("{FAE04EC0-301F-11D3-BF4B-00C04F79EFBC}") = "CS", "CS\CS.csproj", "{88F01DB2-1D0C-4419-B2C9-4F087ADA4B95}"
	ProjectSection(ProjectDependencies) = postProject
		{01B2998D-BD02-4329-AAAE-150D708E7BD5} = {01B2998D-BD02-4329-AAAE-150D708E7BD5}
	EndProjectSection
EndProject
Global
	GlobalSection(SolutionConfigurationPlatforms) = preSolution
		Debug|Any CPU = Debug|Any CPU
		Debug|x64 = Debug|x64
		Debug|x86 = Debug|x86
		Release|Any CPU = Release|Any CPU
		Release|x64 = Release|x64
		Release|x86 = Release|x86
	EndGlobalSection
	GlobalSection(ProjectConfigurationPlatforms) = postSolution
		{01B2998D-BD02-4329-AAAE-150D708E7BD5}.Debug|Any CPU.ActiveCfg = Debug|Win32
		{01B2998D-BD02-4329-AAAE-150D708E7BD5}.Debug|x64.ActiveCfg = Debug|x64
		{01B2998D-BD02-4329-AAAE-150D708E7BD5}.Debug|x64.Build.0 = Debug|x64
		{01B2998D-BD02-4329-AAAE-150D708E7BD5}.Debug|x86.ActiveCfg = Debug|Win32
		{01B2998D-BD02-4329-AAAE-150D708E7BD5}.Debug|x86.Build.0 = Debug|Win32
		{01B2998D-BD02-4329-AAAE-150D708E7BD5}.Release|Any CPU.ActiveCfg = Release|Win32
		{01B2998D-BD02-4329-AAAE-150D708E7BD5}.Release|x64.ActiveCfg = Release|x64
		{01B2998D-BD02-4329-AAAE-150D708E7BD5}.Release|x64.Build.0 = Release|x64
		{01B2998D-BD02-4329-AAAE-150D708E7BD5}.Release|x86.ActiveCfg = Release|Win32
		{01B2998D-BD02-4329-AAAE-150D708E7BD5}.Release|x86.Build.0 = Release|Win32
		{88F01DB2-1D0C-4419-B2C9-4F087ADA4B95}.Debug|Any CPU.ActiveCfg = Debug|Any CPU
		{88F01DB2-1D0C-4419-B2C9-4F087ADA4B95}.Debug|Any CPU.Build.0 = Debug|Any CPU
		{88F01DB2-1D0C-4419-B2C9-4F087ADA4B95}.Debug|x64.ActiveCfg = Debug|x64
		{88F01DB2-1D0C-4419-B2C9-4F087ADA4B95}.Debug|x64.Build.0 = Debug|x64
		{88F01DB2-1D0C-4419-B2C9-4F087ADA4B95}.Debug|x86.ActiveCfg = Debug|Any CPU
		{88F01DB2-1D0C-4419-B2C9-4F087ADA4B95}.Debug|x86.Build.0 = Debug|Any CPU
		{88F01DB2-1D0C-4419-B2C9-4F087ADA4B95}.Release|Any CPU.ActiveCfg = Release|Any CPU
		{88F01DB2-1D0C-4419-B2C9-4F087ADA4B95}.Release|Any CPU.Build.0 = Release|Any CPU
		{88F01DB2-1D0C-4419-B2C9-4F087ADA4B95}.Release|x64.ActiveCfg = Release|Any CPU
		{88F01DB2-1D0C-4419-B2C9-4F087ADA4B95}.Release|x64.Build.0 = Release|Any CPU
		{88F01DB2-1D0C-4419-B2C9-4F087ADA4B95}.Release|x86.ActiveCfg = Release|Any CPU
		{88F01DB2-1D0C-4419-B2C9-4F087ADA4B95}.Release|x86.Build.0 = Release|Any CPU
	EndGlobalSection
	GlobalSection(SolutionProperties) = preSolution
		HideSolutionNode = FALSE
	EndGlobalSection
	GlobalSection(ExtensibilityGlobals) = postSolution
		SolutionGuid = {761D143C-B951-4B89-B05E-9948CB0C1C50}
	EndGlobalSection
EndGlobal
Ïîêóïàòåëü ìîæåò ïðèîáðåñòè àêöèè òðåõ êîìïàíèé: À, Â è Ñ. Â òå÷åíèå ñëåäóþùåãî ãîäà íàäåæíîñòü ïåðâîé
êîìïàíèè îöåíèâàåòñÿ ýêñïåðòàìè â 90%, âòîðîé - â 80%, òðåòüåé - â 75%. ×åìó ðàâíà âåðîÿòíîñòü òîãî, ÷òî
òîëüêî êîìïàíèÿ A â òå÷åíèå ñëåäóþùåãî ãîäà ñòàíåò áàíêðîòîì?
